
Microsoft Visual Studio Solution File, Format Version 12.00
# Visual Studio Version 16
VisualStudioVersion = 16.0.31729.503
MinimumVisualStudioVersion = 10.0.40219.1
Project("{FAE04EC0-301F-11D3-BF4B-00C04F79EFBC}") = "Cluster.UI", "Cluster.UI\Cluster.UI.csproj", "{820E4365-9D16-49EA-A5B8-43944397A2B6}"
EndProject
Project("{FAE04EC0-301F-11D3-BF4B-00C04F79EFBC}") = "Cluster.BL", "Cluster.BL\Cluster.BL.csproj", "{820A6366-B445-4572-AB8D-A1C31AC11547}"
EndProject
Global
	GlobalSection(SolutionConfigurationPlatforms) = preSolution
		Debug|Any CPU = Debug|Any CPU
		Release|Any CPU = Release|Any CPU
	EndGlobalSection
	GlobalSection(ProjectConfigurationPlatforms) = postSolution
		{820E4365-9D16-49EA-A5B8-43944397A2B6}.Debug|Any CPU.ActiveCfg = Debug|Any CPU
		{820E4365-9D16-49EA-A5B8-43944397A2B6}.Debug|Any CPU.Build.0 = Debug|Any CPU
		{820E4365-9D16-49EA-A5B8-43944397A2B6}.Release|Any CPU.ActiveCfg = Release|Any CPU
		{820E4365-9D16-49EA-A5B8-43944397A2B6}.Release|Any CPU.Build.0 = Release|Any CPU
		{820A6366-B445-4572-AB8D-A1C31AC11547}.Debug|Any CPU.ActiveCfg = Debug|Any CPU
		{820A6366-B445-4572-AB8D-A1C31AC11547}.Debug|Any CPU.Build.0 = Debug|Any CPU
		{820A6366-B445-4572-AB8D-A1C31AC11547}.Release|Any CPU.ActiveCfg = Release|Any CPU
		{820A6366-B445-4572-AB8D-A1C31AC11547}.Release|Any CPU.Build.0 = Release|Any CPU
	EndGlobalSection
	GlobalSection(SolutionProperties) = preSolution
		HideSolutionNode = FALSE
	EndGlobalSection
	GlobalSection(ExtensibilityGlobals) = postSolution
		SolutionGuid = {90E96872-C618-4EFC-BEF0-9C6E2BD86F40}
	EndGlobalSection
EndGlobal
